// !$*UTF8*$!
{
	archiveVersion = 1;
	classes = {
	};
	objectVersion = 77;
	objects = {

/* Begin PBXBuildFile section */
		04368CEC3651440187E1B85D /* Keychain.swift in Sources */ = {isa = PBXBuildFile; fileRef = AE5B9BB535F61E4A2E6A4730 /* Keychain.swift */; };
		0888082472635662764B34B8 /* Theme.swift in Sources */ = {isa = PBXBuildFile; fileRef = 233F63E930B1392A147EECD2 /* Theme.swift */; };
		1993A5501A4610917976DB45 /* SessionDetailView.swift in Sources */ = {isa = PBXBuildFile; fileRef = 466D34DCA850D3800B2DDE5C /* SessionDetailView.swift */; };
		2813A91C6A7CD0A08E3E0492 /* ColoredDiff.swift in Sources */ = {isa = PBXBuildFile; fileRef = 8C86F73F8A8553FF5C6CDA96 /* ColoredDiff.swift */; };
		2C5371FF40007A4A235AEE91 /* ScanQRView.swift in Sources */ = {isa = PBXBuildFile; fileRef = 67104CA695BF944B86D6BED0 /* ScanQRView.swift */; };
		41D26B2AAC8AB8D6E3EC8F62 /* AgentAvatar.swift in Sources */ = {isa = PBXBuildFile; fileRef = 534B7702871886A07FA65FA5 /* AgentAvatar.swift */; };
		46EE3F1DE308115725A70E79 /* SocketClient.swift in Sources */ = {isa = PBXBuildFile; fileRef = DE4CB567B234500AE58688DD /* SocketClient.swift */; };
		4F74F653C2BCA750BDA4BC38 /* ProjectsView.swift in Sources */ = {isa = PBXBuildFile; fileRef = BA067AF99091DE59C155FB5D /* ProjectsView.swift */; };
		7903018231BE934682C1A2D8 /* ManualConnectView.swift in Sources */ = {isa = PBXBuildFile; fileRef = 468D7E0E6C33A934EDFD6C00 /* ManualConnectView.swift */; };
		797797C4360DDFDC857F2B86 /* Casual Character.png in Resources */ = {isa = PBXBuildFile; fileRef = 1668CA1149E4E6A572C178BB /* Casual Character.png */; };
		86255D8BDD43005D390F3F71 /* SettingsView.swift in Sources */ = {isa = PBXBuildFile; fileRef = 667184B329FABF8C36393883 /* SettingsView.swift */; };
		93570751D7B731E10026294F /* Models.swift in Sources */ = {isa = PBXBuildFile; fileRef = B0403CF9AD9A373A5C4ECA2C /* Models.swift */; };
		9753FA044940254B32BD8EAC /* Casual Character.atlas in Resources */ = {isa = PBXBuildFile; fileRef = 394A8A91061FEB06DA697438 /* Casual Character.atlas */; };
		97F37C5429573FF690866414 /* AppState.swift in Sources */ = {isa = PBXBuildFile; fileRef = 51B576C5E0B29E89A3750700 /* AppState.swift */; };
		98D3BA55639CB9FCD3A6BF16 /* StatusBadge.swift in Sources */ = {isa = PBXBuildFile; fileRef = 13B11892465CE8E32235DB42 /* StatusBadge.swift */; };
		9F76EEA6476A0092D8E3F362 /* NewTaskSheet.swift in Sources */ = {isa = PBXBuildFile; fileRef = 5C63C1774ED4B87EBBEC434E /* NewTaskSheet.swift */; };
		A86D95CE2B25EAD707DE2F2A /* AgentsView.swift in Sources */ = {isa = PBXBuildFile; fileRef = C7BE429E050FB51F17982BB4 /* AgentsView.swift */; };
		B75853C522AD5F812009D044 /* ProjectDetailView.swift in Sources */ = {isa = PBXBuildFile; fileRef = 4824A3F8C9402141881FD8B9 /* ProjectDetailView.swift */; };
		BB77DF7DAB4BD7E6B39DBF2C /* TodayView.swift in Sources */ = {isa = PBXBuildFile; fileRef = 8155462AEF6724FE5B6760D5 /* TodayView.swift */; };
		CAE88F2CD8C1A966F6864248 /* DesignTokens.swift in Sources */ = {isa = PBXBuildFile; fileRef = 9AFE4F4206A5BF175FA4FABF /* DesignTokens.swift */; };
		DC010B149538E5680F0B0023 /* Casual Character.json in Resources */ = {isa = PBXBuildFile; fileRef = 8F050E05A1D2975E2F532EE4 /* Casual Character.json */; };
		DC5ABE91BB690B885675637B /* APIClient.swift in Sources */ = {isa = PBXBuildFile; fileRef = 0FA5053EFDD0A2627263E781 /* APIClient.swift */; };
		E595E82A0DB4A31B025E3D3E /* SpineAgentAvatarView.swift in Sources */ = {isa = PBXBuildFile; fileRef = 3C1496501BB7B072F4F81F22 /* SpineAgentAvatarView.swift */; };
		EA55D9ED71D7341C0E991893 /* Spine in Frameworks */ = {isa = PBXBuildFile; productRef = FB08C334D1688B1D59C3B81D /* Spine */; };
		F1D9C21F86E27295DA5AA39F /* PilotApp.swift in Sources */ = {isa = PBXBuildFile; fileRef = 88E48CEE1B3F4DF8D6EDB216 /* PilotApp.swift */; };
		F28E536A85BAAAA10E236628 /* ConnectView.swift in Sources */ = {isa = PBXBuildFile; fileRef = 3F64367624283D4CD1C30D90 /* ConnectView.swift */; };
		F982C9B1AB078E0DDFA12839 /* ContentView.swift in Sources */ = {isa = PBXBuildFile; fileRef = E3DDC32BDC776AACBDE27E87 /* ContentView.swift */; };
/* End PBXBuildFile section */

/* Begin PBXFileReference section */
		033B7B0DFB321D06AF6959AE /* Info.plist */ = {isa = PBXFileReference; lastKnownFileType = text.plist; path = Info.plist; sourceTree = "<group>"; };
		0FA5053EFDD0A2627263E781 /* APIClient.swift */ = {isa = PBXFileReference; lastKnownFileType = sourcecode.swift; path = APIClient.swift; sourceTree = "<group>"; };
		13B11892465CE8E32235DB42 /* StatusBadge.swift */ = {isa = PBXFileReference; lastKnownFileType = sourcecode.swift; path = StatusBadge.swift; sourceTree = "<group>"; };
		1668CA1149E4E6A572C178BB /* Casual Character.png */ = {isa = PBXFileReference; includeInIndex = 1; lastKnownFileType = image.png; path = "Casual Character.png"; sourceTree = "<group>"; };
		233F63E930B1392A147EECD2 /* Theme.swift */ = {isa = PBXFileReference; lastKnownFileType = sourcecode.swift; path = Theme.swift; sourceTree = "<group>"; };
		394A8A91061FEB06DA697438 /* Casual Character.atlas */ = {isa = PBXFileReference; includeInIndex = 1; path = "Casual Character.atlas"; sourceTree = "<group>"; };
		3C1496501BB7B072F4F81F22 /* SpineAgentAvatarView.swift */ = {isa = PBXFileReference; includeInIndex = 1; lastKnownFileType = sourcecode.swift; path = SpineAgentAvatarView.swift; sourceTree = "<group>"; };
		3F64367624283D4CD1C30D90 /* ConnectView.swift */ = {isa = PBXFileReference; lastKnownFileType = sourcecode.swift; path = ConnectView.swift; sourceTree = "<group>"; };
		466D34DCA850D3800B2DDE5C /* SessionDetailView.swift */ = {isa = PBXFileReference; lastKnownFileType = sourcecode.swift; path = SessionDetailView.swift; sourceTree = "<group>"; };
		468D7E0E6C33A934EDFD6C00 /* ManualConnectView.swift */ = {isa = PBXFileReference; lastKnownFileType = sourcecode.swift; path = ManualConnectView.swift; sourceTree = "<group>"; };
		4824A3F8C9402141881FD8B9 /* ProjectDetailView.swift */ = {isa = PBXFileReference; lastKnownFileType = sourcecode.swift; path = ProjectDetailView.swift; sourceTree = "<group>"; };
		51B576C5E0B29E89A3750700 /* AppState.swift */ = {isa = PBXFileReference; lastKnownFileType = sourcecode.swift; path = AppState.swift; sourceTree = "<group>"; };
		534B7702871886A07FA65FA5 /* AgentAvatar.swift */ = {isa = PBXFileReference; lastKnownFileType = sourcecode.swift; path = AgentAvatar.swift; sourceTree = "<group>"; };
		5C63C1774ED4B87EBBEC434E /* NewTaskSheet.swift */ = {isa = PBXFileReference; lastKnownFileType = sourcecode.swift; path = NewTaskSheet.swift; sourceTree = "<group>"; };
		667184B329FABF8C36393883 /* SettingsView.swift */ = {isa = PBXFileReference; lastKnownFileType = sourcecode.swift; path = SettingsView.swift; sourceTree = "<group>"; };
		67104CA695BF944B86D6BED0 /* ScanQRView.swift */ = {isa = PBXFileReference; lastKnownFileType = sourcecode.swift; path = ScanQRView.swift; sourceTree = "<group>"; };
		8155462AEF6724FE5B6760D5 /* TodayView.swift */ = {isa = PBXFileReference; lastKnownFileType = sourcecode.swift; path = TodayView.swift; sourceTree = "<group>"; };
		88E48CEE1B3F4DF8D6EDB216 /* PilotApp.swift */ = {isa = PBXFileReference; lastKnownFileType = sourcecode.swift; path = PilotApp.swift; sourceTree = "<group>"; };
		8C86F73F8A8553FF5C6CDA96 /* ColoredDiff.swift */ = {isa = PBXFileReference; lastKnownFileType = sourcecode.swift; path = ColoredDiff.swift; sourceTree = "<group>"; };
		8F050E05A1D2975E2F532EE4 /* Casual Character.json */ = {isa = PBXFileReference; includeInIndex = 1; path = "Casual Character.json"; sourceTree = "<group>"; };
		9AFE4F4206A5BF175FA4FABF /* DesignTokens.swift */ = {isa = PBXFileReference; lastKnownFileType = sourcecode.swift; path = DesignTokens.swift; sourceTree = "<group>"; };
		AB85CEC11BD665F9FF73BE7E /* Pilot.app */ = {isa = PBXFileReference; explicitFileType = wrapper.application; includeInIndex = 0; path = Pilot.app; sourceTree = BUILT_PRODUCTS_DIR; };
		AE5B9BB535F61E4A2E6A4730 /* Keychain.swift */ = {isa = PBXFileReference; lastKnownFileType = sourcecode.swift; path = Keychain.swift; sourceTree = "<group>"; };
		B0403CF9AD9A373A5C4ECA2C /* Models.swift */ = {isa = PBXFileReference; lastKnownFileType = sourcecode.swift; path = Models.swift; sourceTree = "<group>"; };
		BA067AF99091DE59C155FB5D /* ProjectsView.swift */ = {isa = PBXFileReference; lastKnownFileType = sourcecode.swift; path = ProjectsView.swift; sourceTree = "<group>"; };
		C7BE429E050FB51F17982BB4 /* AgentsView.swift */ = {isa = PBXFileReference; lastKnownFileType = sourcecode.swift; path = AgentsView.swift; sourceTree = "<group>"; };
		DE4CB567B234500AE58688DD /* SocketClient.swift */ = {isa = PBXFileReference; lastKnownFileType = sourcecode.swift; path = SocketClient.swift; sourceTree = "<group>"; };
		E3DDC32BDC776AACBDE27E87 /* ContentView.swift */ = {isa = PBXFileReference; lastKnownFileType = sourcecode.swift; path = ContentView.swift; sourceTree = "<group>"; };
/* End PBXFileReference section */

/* Begin PBXFrameworksBuildPhase section */
		73B56306CF3A6DC6CF1D1059 /* Frameworks */ = {
			isa = PBXFrameworksBuildPhase;
			buildActionMask = 2147483647;
			files = (
				EA55D9ED71D7341C0E991893 /* Spine in Frameworks */,
			);
			runOnlyForDeploymentPostprocessing = 0;
		};
/* End PBXFrameworksBuildPhase section */

/* Begin PBXGroup section */
		57304FDF7FB6BA1B55B5AAB2 /* Spine */ = {
			isa = PBXGroup;
			children = (
				394A8A91061FEB06DA697438 /* Casual Character.atlas */,
				8F050E05A1D2975E2F532EE4 /* Casual Character.json */,
				1668CA1149E4E6A572C178BB /* Casual Character.png */,
			);
			name = Spine;
			path = Spine;
			sourceTree = "<group>";
		};
		5DCCA06A0E104DBA6E91894C = {
			isa = PBXGroup;
			children = (
				F1EA1129CE9D13BD867B1F21 /* Pilot */,
				DC7D82CC69762577B57556DA /* Products */,
			);
			sourceTree = "<group>";
		};
		6F727223C0E599BCC42AF324 /* Views */ = {
			isa = PBXGroup;
			children = (
				C7BE429E050FB51F17982BB4 /* AgentsView.swift */,
				3F64367624283D4CD1C30D90 /* ConnectView.swift */,
				468D7E0E6C33A934EDFD6C00 /* ManualConnectView.swift */,
				5C63C1774ED4B87EBBEC434E /* NewTaskSheet.swift */,
				4824A3F8C9402141881FD8B9 /* ProjectDetailView.swift */,
				BA067AF99091DE59C155FB5D /* ProjectsView.swift */,
				67104CA695BF944B86D6BED0 /* ScanQRView.swift */,
				466D34DCA850D3800B2DDE5C /* SessionDetailView.swift */,
				667184B329FABF8C36393883 /* SettingsView.swift */,
				8155462AEF6724FE5B6760D5 /* TodayView.swift */,
				C91D0A1999BD06A981FC4D10 /* Components */,
			);
			path = Views;
			sourceTree = "<group>";
		};
		842872E73FBA2385D92D357C /* Generated */ = {
			isa = PBXGroup;
			children = (
				9AFE4F4206A5BF175FA4FABF /* DesignTokens.swift */,
			);
			path = Generated;
			sourceTree = "<group>";
		};
		C91D0A1999BD06A981FC4D10 /* Components */ = {
			isa = PBXGroup;
			children = (
				534B7702871886A07FA65FA5 /* AgentAvatar.swift */,
				8C86F73F8A8553FF5C6CDA96 /* ColoredDiff.swift */,
				13B11892465CE8E32235DB42 /* StatusBadge.swift */,
				3C1496501BB7B072F4F81F22 /* SpineAgentAvatarView.swift */,
			);
			path = Components;
			sourceTree = "<group>";
		};
		DC7D82CC69762577B57556DA /* Products */ = {
			isa = PBXGroup;
			children = (
				AB85CEC11BD665F9FF73BE7E /* Pilot.app */,
			);
			name = Products;
			sourceTree = "<group>";
		};
		F1EA1129CE9D13BD867B1F21 /* Pilot */ = {
			isa = PBXGroup;
			children = (
				0FA5053EFDD0A2627263E781 /* APIClient.swift */,
				51B576C5E0B29E89A3750700 /* AppState.swift */,
				E3DDC32BDC776AACBDE27E87 /* ContentView.swift */,
				033B7B0DFB321D06AF6959AE /* Info.plist */,
				AE5B9BB535F61E4A2E6A4730 /* Keychain.swift */,
				B0403CF9AD9A373A5C4ECA2C /* Models.swift */,
				88E48CEE1B3F4DF8D6EDB216 /* PilotApp.swift */,
				DE4CB567B234500AE58688DD /* SocketClient.swift */,
				233F63E930B1392A147EECD2 /* Theme.swift */,
				842872E73FBA2385D92D357C /* Generated */,
				6F727223C0E599BCC42AF324 /* Views */,
				57304FDF7FB6BA1B55B5AAB2 /* Spine */,
			);
			path = Pilot;
			sourceTree = "<group>";
		};
/* End PBXGroup section */

/* Begin PBXNativeTarget section */
		FE8ED209D7643DC0791F345F /* Pilot */ = {
			isa = PBXNativeTarget;
			buildConfigurationList = C88E1BB78C3D84A1284783C0 /* Build configuration list for PBXNativeTarget "Pilot" */;
			buildPhases = (
				103AA9C78E34D6CDE3EA0B73 /* Sources */,
				096002B8413525984EE4CC93 /* Resources */,
				73B56306CF3A6DC6CF1D1059 /* Frameworks */,
			);
			buildRules = (
			);
			dependencies = (
			);
			name = Pilot;
			packageProductDependencies = (
				FB08C334D1688B1D59C3B81D /* Spine */,
			);
			productName = Pilot;
			productReference = AB85CEC11BD665F9FF73BE7E /* Pilot.app */;
			productType = "com.apple.product-type.application";
		};
/* End PBXNativeTarget section */

/* Begin PBXProject section */
		A7605EA25E9B512DD73FBB4B /* Project object */ = {
			isa = PBXProject;
			attributes = {
				BuildIndependentTargetsInParallel = YES;
				LastUpgradeCheck = 1600;
			};
			buildConfigurationList = 79B4DC32867D528FEEA13573 /* Build configuration list for PBXProject "Pilot" */;
			developmentRegion = en;
			hasScannedForEncodings = 0;
			knownRegions = (
				Base,
				en,
			);
			mainGroup = 5DCCA06A0E104DBA6E91894C;
			minimizedProjectReferenceProxies = 1;
			packageReferences = (
				20572847C1145FACDBDF60F7 /* XCRemoteSwiftPackageReference "spine-runtimes" */,
			);
			preferredProjectObjectVersion = 77;
			productRefGroup = DC7D82CC69762577B57556DA /* Products */;
			projectDirPath = "";
			projectRoot = "";
			targets = (
				FE8ED209D7643DC0791F345F /* Pilot */,
			);
		};
/* End PBXProject section */

/* Begin PBXResourcesBuildPhase section */
		096002B8413525984EE4CC93 /* Resources */ = {
			isa = PBXResourcesBuildPhase;
			buildActionMask = 2147483647;
			files = (
				9753FA044940254B32BD8EAC /* Casual Character.atlas in Resources */,
				DC010B149538E5680F0B0023 /* Casual Character.json in Resources */,
				797797C4360DDFDC857F2B86 /* Casual Character.png in Resources */,
			);
			runOnlyForDeploymentPostprocessing = 0;
		};
/* End PBXResourcesBuildPhase section */

/* Begin PBXSourcesBuildPhase section */
		103AA9C78E34D6CDE3EA0B73 /* Sources */ = {
			isa = PBXSourcesBuildPhase;
			buildActionMask = 2147483647;
			files = (
				DC5ABE91BB690B885675637B /* APIClient.swift in Sources */,
				41D26B2AAC8AB8D6E3EC8F62 /* AgentAvatar.swift in Sources */,
				A86D95CE2B25EAD707DE2F2A /* AgentsView.swift in Sources */,
				97F37C5429573FF690866414 /* AppState.swift in Sources */,
				2813A91C6A7CD0A08E3E0492 /* ColoredDiff.swift in Sources */,
				F28E536A85BAAAA10E236628 /* ConnectView.swift in Sources */,
				F982C9B1AB078E0DDFA12839 /* ContentView.swift in Sources */,
				04368CEC3651440187E1B85D /* Keychain.swift in Sources */,
				7903018231BE934682C1A2D8 /* ManualConnectView.swift in Sources */,
				93570751D7B731E10026294F /* Models.swift in Sources */,
				9F76EEA6476A0092D8E3F362 /* NewTaskSheet.swift in Sources */,
				F1D9C21F86E27295DA5AA39F /* PilotApp.swift in Sources */,
				B75853C522AD5F812009D044 /* ProjectDetailView.swift in Sources */,
				4F74F653C2BCA750BDA4BC38 /* ProjectsView.swift in Sources */,
				2C5371FF40007A4A235AEE91 /* ScanQRView.swift in Sources */,
				1993A5501A4610917976DB45 /* SessionDetailView.swift in Sources */,
				86255D8BDD43005D390F3F71 /* SettingsView.swift in Sources */,
				46EE3F1DE308115725A70E79 /* SocketClient.swift in Sources */,
				98D3BA55639CB9FCD3A6BF16 /* StatusBadge.swift in Sources */,
				0888082472635662764B34B8 /* Theme.swift in Sources */,
				CAE88F2CD8C1A966F6864248 /* DesignTokens.swift in Sources */,
				BB77DF7DAB4BD7E6B39DBF2C /* TodayView.swift in Sources */,
				E595E82A0DB4A31B025E3D3E /* SpineAgentAvatarView.swift in Sources */,
			);
			runOnlyForDeploymentPostprocessing = 0;
		};
/* End PBXSourcesBuildPhase section */

/* Begin XCBuildConfiguration section */
		8E482AB3601FCC6B17D65964 /* Debug */ = {
			isa = XCBuildConfiguration;
			buildSettings = {
				ALWAYS_SEARCH_USER_PATHS = NO;
				CLANG_ANALYZER_NONNULL = YES;
				CLANG_ANALYZER_NUMBER_OBJECT_CONVERSION = YES_AGGRESSIVE;
				CLANG_CXX_LANGUAGE_STANDARD = "gnu++14";
				CLANG_CXX_LIBRARY = "libc++";
				CLANG_ENABLE_MODULES = YES;
				CLANG_ENABLE_OBJC_ARC = YES;
				CLANG_ENABLE_OBJC_WEAK = YES;
				CLANG_WARN_BLOCK_CAPTURE_AUTORELEASING = YES;
				CLANG_WARN_BOOL_CONVERSION = YES;
				CLANG_WARN_COMMA = YES;
				CLANG_WARN_CONSTANT_CONVERSION = YES;
				CLANG_WARN_DEPRECATED_OBJC_IMPLEMENTATIONS = YES;
				CLANG_WARN_DIRECT_OBJC_ISA_USAGE = YES_ERROR;
				CLANG_WARN_DOCUMENTATION_COMMENTS = YES;
				CLANG_WARN_EMPTY_BODY = YES;
				CLANG_WARN_ENUM_CONVERSION = YES;
				CLANG_WARN_INFINITE_RECURSION = YES;
				CLANG_WARN_INT_CONVERSION = YES;
				CLANG_WARN_NON_LITERAL_NULL_CONVERSION = YES;
				CLANG_WARN_OBJC_IMPLICIT_RETAIN_SELF = YES;
				CLANG_WARN_OBJC_LITERAL_CONVERSION = YES;
				CLANG_WARN_OBJC_ROOT_CLASS = YES_ERROR;
				CLANG_WARN_QUOTED_INCLUDE_IN_FRAMEWORK_HEADER = YES;
				CLANG_WARN_RANGE_LOOP_ANALYSIS = YES;
				CLANG_WARN_STRICT_PROTOTYPES = YES;
				CLANG_WARN_SUSPICIOUS_MOVE = YES;
				CLANG_WARN_UNGUARDED_AVAILABILITY = YES_AGGRESSIVE;
				CLANG_WARN_UNREACHABLE_CODE = YES;
				CLANG_WARN__DUPLICATE_METHOD_MATCH = YES;
				COPY_PHASE_STRIP = NO;
				DEBUG_INFORMATION_FORMAT = dwarf;
				ENABLE_PREVIEWS = YES;
				ENABLE_STRICT_OBJC_MSGSEND = YES;
				ENABLE_TESTABILITY = YES;
				GCC_C_LANGUAGE_STANDARD = gnu11;
				GCC_DYNAMIC_NO_PIC = NO;
				GCC_NO_COMMON_BLOCKS = YES;
				GCC_OPTIMIZATION_LEVEL = 0;
				GCC_PREPROCESSOR_DEFINITIONS = (
					"$(inherited)",
					"DEBUG=1",
				);
				GCC_WARN_64_TO_32_BIT_CONVERSION = YES;
				GCC_WARN_ABOUT_RETURN_TYPE = YES_ERROR;
				GCC_WARN_UNDECLARED_SELECTOR = YES;
				GCC_WARN_UNINITIALIZED_AUTOS = YES_AGGRESSIVE;
				GCC_WARN_UNUSED_FUNCTION = YES;
				GCC_WARN_UNUSED_VARIABLE = YES;
				IPHONEOS_DEPLOYMENT_TARGET = 17.0;
				MTL_ENABLE_DEBUG_INFO = INCLUDE_SOURCE;
				MTL_FAST_MATH = YES;
				ONLY_ACTIVE_ARCH = YES;
				PRODUCT_NAME = "$(TARGET_NAME)";
				SDKROOT = iphoneos;
				SWIFT_ACTIVE_COMPILATION_CONDITIONS = DEBUG;
				SWIFT_OPTIMIZATION_LEVEL = "-Onone";
				SWIFT_VERSION = 6.0;
			};
			name = Debug;
		};
		B9526E7DB7A128CDB144622B /* Debug */ = {
			isa = XCBuildConfiguration;
			buildSettings = {
				ASSETCATALOG_COMPILER_APPICON_NAME = AppIcon;
				CODE_SIGN_IDENTITY = "iPhone Developer";
				COMPRESS_PNG_FILES = NO;
				DEVELOPMENT_TEAM = Y6YJ4P25H9;
				INFOPLIST_FILE = Pilot/Info.plist;
				LD_RUNPATH_SEARCH_PATHS = (
					"$(inherited)",
					"@executable_path/Frameworks",
				);
				PRODUCT_BUNDLE_IDENTIFIER = com.pilotapp.pilot;
				SDKROOT = iphoneos;
				TARGETED_DEVICE_FAMILY = "1,2";
			};
			name = Debug;
		};
		C1A2173B7B1ED8D32455AF84 /* Release */ = {
			isa = XCBuildConfiguration;
			buildSettings = {
				ALWAYS_SEARCH_USER_PATHS = NO;
				CLANG_ANALYZER_NONNULL = YES;
				CLANG_ANALYZER_NUMBER_OBJECT_CONVERSION = YES_AGGRESSIVE;
				CLANG_CXX_LANGUAGE_STANDARD = "gnu++14";
				CLANG_CXX_LIBRARY = "libc++";
				CLANG_ENABLE_MODULES = YES;
				CLANG_ENABLE_OBJC_ARC = YES;
				CLANG_ENABLE_OBJC_WEAK = YES;
				CLANG_WARN_BLOCK_CAPTURE_AUTORELEASING = YES;
				CLANG_WARN_BOOL_CONVERSION = YES;
				CLANG_WARN_COMMA = YES;
				CLANG_WARN_CONSTANT_CONVERSION = YES;
				CLANG_WARN_DEPRECATED_OBJC_IMPLEMENTATIONS = YES;
				CLANG_WARN_DIRECT_OBJC_ISA_USAGE = YES_ERROR;
				CLANG_WARN_DOCUMENTATION_COMMENTS = YES;
				CLANG_WARN_EMPTY_BODY = YES;
				CLANG_WARN_ENUM_CONVERSION = YES;
				CLANG_WARN_INFINITE_RECURSION = YES;
				CLANG_WARN_INT_CONVERSION = YES;
				CLANG_WARN_NON_LITERAL_NULL_CONVERSION = YES;
				CLANG_WARN_OBJC_IMPLICIT_RETAIN_SELF = YES;
				CLANG_WARN_OBJC_LITERAL_CONVERSION = YES;
				CLANG_WARN_OBJC_ROOT_CLASS = YES_ERROR;
				CLANG_WARN_QUOTED_INCLUDE_IN_FRAMEWORK_HEADER = YES;
				CLANG_WARN_RANGE_LOOP_ANALYSIS = YES;
				CLANG_WARN_STRICT_PROTOTYPES = YES;
				CLANG_WARN_SUSPICIOUS_MOVE = YES;
				CLANG_WARN_UNGUARDED_AVAILABILITY = YES_AGGRESSIVE;
				CLANG_WARN_UNREACHABLE_CODE = YES;
				CLANG_WARN__DUPLICATE_METHOD_MATCH = YES;
				COPY_PHASE_STRIP = NO;
				DEBUG_INFORMATION_FORMAT = "dwarf-with-dsym";
				ENABLE_NS_ASSERTIONS = NO;
				ENABLE_PREVIEWS = YES;
				ENABLE_STRICT_OBJC_MSGSEND = YES;
				GCC_C_LANGUAGE_STANDARD = gnu11;
				GCC_NO_COMMON_BLOCKS = YES;
				GCC_WARN_64_TO_32_BIT_CONVERSION = YES;
				GCC_WARN_ABOUT_RETURN_TYPE = YES_ERROR;
				GCC_WARN_UNDECLARED_SELECTOR = YES;
				GCC_WARN_UNINITIALIZED_AUTOS = YES_AGGRESSIVE;
				GCC_WARN_UNUSED_FUNCTION = YES;
				GCC_WARN_UNUSED_VARIABLE = YES;
				IPHONEOS_DEPLOYMENT_TARGET = 17.0;
				MTL_ENABLE_DEBUG_INFO = NO;
				MTL_FAST_MATH = YES;
				PRODUCT_NAME = "$(TARGET_NAME)";
				SDKROOT = iphoneos;
				SWIFT_COMPILATION_MODE = wholemodule;
				SWIFT_OPTIMIZATION_LEVEL = "-O";
				SWIFT_VERSION = 6.0;
			};
			name = Release;
		};
		C9D2BBAB7A4E7EA3FEA815B4 /* Release */ = {
			isa = XCBuildConfiguration;
			buildSettings = {
				ASSETCATALOG_COMPILER_APPICON_NAME = AppIcon;
				CODE_SIGN_IDENTITY = "iPhone Developer";
				COMPRESS_PNG_FILES = NO;
				DEVELOPMENT_TEAM = Y6YJ4P25H9;
				INFOPLIST_FILE = Pilot/Info.plist;
				LD_RUNPATH_SEARCH_PATHS = (
					"$(inherited)",
					"@executable_path/Frameworks",
				);
				PRODUCT_BUNDLE_IDENTIFIER = com.pilotapp.pilot;
				SDKROOT = iphoneos;
				TARGETED_DEVICE_FAMILY = "1,2";
			};
			name = Release;
		};
/* End XCBuildConfiguration section */

/* Begin XCConfigurationList section */
		79B4DC32867D528FEEA13573 /* Build configuration list for PBXProject "Pilot" */ = {
			isa = XCConfigurationList;
			buildConfigurations = (
				8E482AB3601FCC6B17D65964 /* Debug */,
				C1A2173B7B1ED8D32455AF84 /* Release */,
			);
			defaultConfigurationIsVisible = 0;
			defaultConfigurationName = Debug;
		};
		C88E1BB78C3D84A1284783C0 /* Build configuration list for PBXNativeTarget "Pilot" */ = {
			isa = XCConfigurationList;
			buildConfigurations = (
				B9526E7DB7A128CDB144622B /* Debug */,
				C9D2BBAB7A4E7EA3FEA815B4 /* Release */,
			);
			defaultConfigurationIsVisible = 0;
			defaultConfigurationName = Debug;
		};
/* End XCConfigurationList section */

/* Begin XCRemoteSwiftPackageReference section */
		20572847C1145FACDBDF60F7 /* XCRemoteSwiftPackageReference "spine-runtimes" */ = {
			isa = XCRemoteSwiftPackageReference;
			repositoryURL = "https://github.com/esotericsoftware/spine-runtimes.git";
			requirement = {
				branch = 4.2;
				kind = branch;
			};
		};
/* End XCRemoteSwiftPackageReference section */

/* Begin XCSwiftPackageProductDependency section */
		FB08C334D1688B1D59C3B81D /* Spine */ = {
			isa = XCSwiftPackageProductDependency;
			package = 20572847C1145FACDBDF60F7 /* XCRemoteSwiftPackageReference "spine-runtimes" */;
			productName = Spine;
		};
/* End XCSwiftPackageProductDependency section */
	};
	rootObject = A7605EA25E9B512DD73FBB4B /* Project object */;
}
