{
  "originHash" : "0865f1b6b9fdd368d860635031f9cb9fe95e91eb6462fd086fff35864f2dcfb6",
  "pins" : [
    {
      "identity" : "spine-runtimes",
      "kind" : "remoteSourceControl",
      "location" : "https://github.com/esotericsoftware/spine-runtimes.git",
      "state" : {
        "branch" : "4.2",
        "revision" : "b81e5a58ed38704aee4f866f0e0ac672623ce914"
      }
    }
  ],
  "version" : 3
}
